
Microsoft Visual Studio Solution File, Format Version 12.00
# Visual Studio Version 17
VisualStudioVersion = 17.13.35931.197 d17.13
MinimumVisualStudioVersion = 10.0.40219.1
Project("{FAE04EC0-301F-11D3-BF4B-00C04F79EFBC}") = "SURO2", "SURO2.csproj", "{29F35FC6-DB9B-4335-8A39-A6A1F8685807}"
EndProject
Global
	GlobalSection(SolutionConfigurationPlatforms) = preSolution
		Debug|Any CPU = Debug|Any CPU
		Release|Any CPU = Release|Any CPU
	EndGlobalSection
	GlobalSection(ProjectConfigurationPlatforms) = postSolution
		{29F35FC6-DB9B-4335-8A39-A6A1F8685807}.Debug|Any CPU.ActiveCfg = Debug|Any CPU
		{29F35FC6-DB9B-4335-8A39-A6A1F8685807}.Debug|Any CPU.Build.0 = Debug|Any CPU
		{29F35FC6-DB9B-4335-8A39-A6A1F8685807}.Release|Any CPU.ActiveCfg = Release|Any CPU
		{29F35FC6-DB9B-4335-8A39-A6A1F8685807}.Release|Any CPU.Build.0 = Release|Any CPU
	EndGlobalSection
	GlobalSection(SolutionProperties) = preSolution
		HideSolutionNode = FALSE
	EndGlobalSection
	GlobalSection(ExtensibilityGlobals) = postSolution
		SolutionGuid = {8836CADF-B337-4CFF-A5C7-1A5CD81EA8E5}
	EndGlobalSection
EndGlobal
